<?xml version="1.0" encoding="utf-8"?>
<Project ToolsVersion="4.0" xmlns="http://schemas.microsoft.com/developer/msbuild/2003">
  <ItemGroup>
    <Filter Include="Source Files">
      <UniqueIdentifier>{3afa4985-f22c-4dec-b1a9-513e8dc3589a}</UniqueIdentifier>
      <Extensions>cpp;c;cxx;rc;def;r;odl;hpj;bat;for;f90</Extensions>
    </Filter>
    <Filter Include="Header Files">
      <UniqueIdentifier>{3447e5e3-0813-4eac-aa3e-e3ca823de290}</UniqueIdentifier>
      <Extensions>h;hpp;hxx;hm;inl;fi;fd</Extensions>
    </Filter>
    <Filter Include="Resource Files">
      <UniqueIdentifier>{da3c5bbf-3923-4a82-a1ce-eba8184609a9}</UniqueIdentifier>
      <Extensions>ico;cur;bmp;dlg;rc2;rct;bin;cnt;rtf;gif;jpg;jpeg;jpe</Extensions>
    </Filter>
    <Filter Include="Source Files\Admin system">
      <UniqueIdentifier>{e0c53039-7953-46f8-b6e9-c36340e9b1b9}</UniqueIdentifier>
    </Filter>
    <Filter Include="Header Files\Admin system">
      <UniqueIdentifier>{f7a43994-f591-458e-876d-cb9c539e7d1d}</UniqueIdentifier>
    </Filter>
  </ItemGroup>
  <ItemGroup>
    <ClCompile Include="bg_animation.c">
      <Filter>Source Files</Filter>
    </ClCompile>
    <ClCompile Include="bg_animgroup.c">
      <Filter>Source Files</Filter>
    </ClCompile>
    <ClCompile Include="bg_campaign.c">
      <Filter>Source Files</Filter>
    </ClCompile>
    <ClCompile Include="bg_character.c">
      <Filter>Source Files</Filter>
    </ClCompile>
    <ClCompile Include="bg_classes.c">
      <Filter>Source Files</Filter>
    </ClCompile>
    <ClCompile Include="bg_lib.c">
      <Filter>Source Files</Filter>
    </ClCompile>
    <ClCompile Include="bg_misc.c">
      <Filter>Source Files</Filter>
    </ClCompile>
    <ClCompile Include="bg_pmove.c">
      <Filter>Source Files</Filter>
    </ClCompile>
    <ClCompile Include="bg_slidemove.c">
      <Filter>Source Files</Filter>
    </ClCompile>
    <ClCompile Include="bg_sscript.c">
      <Filter>Source Files</Filter>
    </ClCompile>
    <ClCompile Include="bg_stats.c">
      <Filter>Source Files</Filter>
    </ClCompile>
    <ClCompile Include="bg_tracemap.c">
      <Filter>Source Files</Filter>
    </ClCompile>
    <ClCompile Include="g_active.c">
      <Filter>Source Files</Filter>
    </ClCompile>
    <ClCompile Include="g_alarm.c">
      <Filter>Source Files</Filter>
    </ClCompile>
    <ClCompile Include="g_antilag.c">
      <Filter>Source Files</Filter>
    </ClCompile>
    <ClCompile Include="g_buddy_list.c">
      <Filter>Source Files</Filter>
    </ClCompile>
    <ClCompile Include="g_character.c">
      <Filter>Source Files</Filter>
    </ClCompile>
    <ClCompile Include="g_client.c">
      <Filter>Source Files</Filter>
    </ClCompile>
    <ClCompile Include="g_cmds.c">
      <Filter>Source Files</Filter>
    </ClCompile>
    <ClCompile Include="g_cmds_ext.c">
      <Filter>Source Files</Filter>
    </ClCompile>
    <ClCompile Include="g_combat.c">
      <Filter>Source Files</Filter>
    </ClCompile>
    <ClCompile Include="g_fireteams.c">
      <Filter>Source Files</Filter>
    </ClCompile>
    <ClCompile Include="g_items.c">
      <Filter>Source Files</Filter>
    </ClCompile>
    <ClCompile Include="g_match.c">
      <Filter>Source Files</Filter>
    </ClCompile>
    <ClCompile Include="g_mem.c">
      <Filter>Source Files</Filter>
    </ClCompile>
    <ClCompile Include="g_misc.c">
      <Filter>Source Files</Filter>
    </ClCompile>
    <ClCompile Include="g_missile.c">
      <Filter>Source Files</Filter>
    </ClCompile>
    <ClCompile Include="g_mover.c">
      <Filter>Source Files</Filter>
    </ClCompile>
    <ClCompile Include="g_props.c">
      <Filter>Source Files</Filter>
    </ClCompile>
    <ClCompile Include="g_referee.c">
      <Filter>Source Files</Filter>
    </ClCompile>
    <ClCompile Include="g_script.c">
      <Filter>Source Files</Filter>
    </ClCompile>
    <ClCompile Include="g_script_actions.c">
      <Filter>Source Files</Filter>
    </ClCompile>
    <ClCompile Include="g_session.c">
      <Filter>Source Files</Filter>
    </ClCompile>
    <ClCompile Include="g_spawn.c">
      <Filter>Source Files</Filter>
    </ClCompile>
    <ClCompile Include="g_stats.c">
      <Filter>Source Files</Filter>
    </ClCompile>
    <ClCompile Include="g_sv_entities.c">
      <Filter>Source Files</Filter>
    </ClCompile>
    <ClCompile Include="g_svcmds.c">
      <Filter>Source Files</Filter>
    </ClCompile>
    <ClCompile Include="g_syscalls.c">
      <Filter>Source Files</Filter>
    </ClCompile>
    <ClCompile Include="g_systemmsg.c">
      <Filter>Source Files</Filter>
    </ClCompile>
    <ClCompile Include="g_target.c">
      <Filter>Source Files</Filter>
    </ClCompile>
    <ClCompile Include="g_team.c">
      <Filter>Source Files</Filter>
    </ClCompile>
    <ClCompile Include="g_teammapdata.c">
      <Filter>Source Files</Filter>
    </ClCompile>
    <ClCompile Include="g_trigger.c">
      <Filter>Source Files</Filter>
    </ClCompile>
    <ClCompile Include="g_utils.c">
      <Filter>Source Files</Filter>
    </ClCompile>
    <ClCompile Include="g_vote.c">
      <Filter>Source Files</Filter>
    </ClCompile>
    <ClCompile Include="g_weapon.c">
      <Filter>Source Files</Filter>
    </ClCompile>
    <ClCompile Include="q_math.c">
      <Filter>Source Files</Filter>
    </ClCompile>
    <ClCompile Include="q_shared.c">
      <Filter>Source Files</Filter>
    </ClCompile>
    <ClCompile Include="..\sha-1\sha1.c">
      <Filter>Source Files</Filter>
    </ClCompile>
    <ClCompile Include="..\sha-1\bg_sha.c">
      <Filter>Source Files</Filter>
    </ClCompile>
    <ClCompile Include="g_banner.cpp">
      <Filter>Source Files</Filter>
    </ClCompile>
    <ClCompile Include="g_main.c">
      <Filter>Source Files</Filter>
    </ClCompile>
    <ClCompile Include="g_save.cpp">
      <Filter>Source Files</Filter>
    </ClCompile>
    <ClCompile Include="g_utilities.cpp">
      <Filter>Source Files</Filter>
    </ClCompile>
    <ClCompile Include="..\sqlite\sqlite3.c">
      <Filter>Source Files</Filter>
    </ClCompile>
    <ClCompile Include="mainext.cpp">
      <Filter>Source Files</Filter>
    </ClCompile>
    <ClCompile Include="admin\session.cpp">
      <Filter>Source Files\Admin system</Filter>
    </ClCompile>
    <ClCompile Include="admin\commands.cpp">
      <Filter>Source Files\Admin system</Filter>
    </ClCompile>
    <ClCompile Include="admin\game.cpp">
      <Filter>Source Files\Admin system</Filter>
    </ClCompile>
    <ClCompile Include="admin\levels.cpp">
      <Filter>Source Files\Admin system</Filter>
    </ClCompile>
    <ClCompile Include="admin\database.cpp">
      <Filter>Source Files\Admin system</Filter>
    </ClCompile>
    <ClCompile Include="mapdata.cpp">
      <Filter>Source Files</Filter>
    </ClCompile>
    <ClCompile Include="admin\databaseoperation.cpp">
      <Filter>Source Files\Admin system</Filter>
    </ClCompile>
    <ClCompile Include="races.cpp">
      <Filter>Source Files</Filter>
    </ClCompile>
    <ClCompile Include="custommapvotes.cpp">
      <Filter>Source Files</Filter>
    </ClCompile>
    <ClCompile Include="..\json\jsoncpp.cpp">
      <Filter>Source Files</Filter>
    </ClCompile>
  </ItemGroup>
  <ItemGroup>
    <None Include="game.def">
      <Filter>Source Files</Filter>
    </None>
  </ItemGroup>
  <ItemGroup>
    <ClInclude Include="bg_classes.h">
      <Filter>Header Files</Filter>
    </ClInclude>
    <ClInclude Include="bg_local.h">
      <Filter>Header Files</Filter>
    </ClInclude>
    <ClInclude Include="bg_public.h">
      <Filter>Header Files</Filter>
    </ClInclude>
    <ClInclude Include="g_local.h">
      <Filter>Header Files</Filter>
    </ClInclude>
    <ClInclude Include="g_public.h">
      <Filter>Header Files</Filter>
    </ClInclude>
    <ClInclude Include="g_team.h">
      <Filter>Header Files</Filter>
    </ClInclude>
    <ClInclude Include="q_shared.h">
      <Filter>Header Files</Filter>
    </ClInclude>
    <ClInclude Include="surfaceflags.h">
      <Filter>Header Files</Filter>
    </ClInclude>
    <ClInclude Include="..\sha-1\sha1.h">
      <Filter>Header Files</Filter>
    </ClInclude>
    <ClInclude Include="g_local.hpp">
      <Filter>Header Files</Filter>
    </ClInclude>
    <ClInclude Include="..\sqlite\sqlite3.h">
      <Filter>Header Files</Filter>
    </ClInclude>
    <ClInclude Include="g_utilities.hpp">
      <Filter>Header Files</Filter>
    </ClInclude>
    <ClInclude Include="g_save.hpp">
      <Filter>Header Files</Filter>
    </ClInclude>
    <ClInclude Include="resource.h">
      <Filter>Header Files</Filter>
    </ClInclude>
    <ClInclude Include="admin\session.hpp">
      <Filter>Header Files\Admin system</Filter>
    </ClInclude>
    <ClInclude Include="admin\commands.hpp">
      <Filter>Header Files\Admin system</Filter>
    </ClInclude>
    <ClInclude Include="admin\game.hpp">
      <Filter>Header Files\Admin system</Filter>
    </ClInclude>
    <ClInclude Include="admin\levels.hpp">
      <Filter>Header Files\Admin system</Filter>
    </ClInclude>
    <ClInclude Include="admin\database.hpp">
      <Filter>Header Files\Admin system</Filter>
    </ClInclude>
    <ClInclude Include="mapdata.h">
      <Filter>Header Files</Filter>
    </ClInclude>
    <ClInclude Include="admin\databaseoperation.hpp">
      <Filter>Header Files\Admin system</Filter>
    </ClInclude>
    <ClInclude Include="races.hpp">
      <Filter>Header Files</Filter>
    </ClInclude>
    <ClInclude Include="custommapvotes.hpp">
      <Filter>Header Files</Filter>
    </ClInclude>
    <ClInclude Include="..\json\json.h">
      <Filter>Header Files</Filter>
    </ClInclude>
    <ClInclude Include="..\json\json-forwards.h">
      <Filter>Header Files</Filter>
    </ClInclude>
    <ClInclude Include="asyncoperation.hpp">
      <Filter>Header Files</Filter>
    </ClInclude>
  </ItemGroup>
  <ItemGroup>
    <ResourceCompile Include="game.rc">
      <Filter>Source Files</Filter>
    </ResourceCompile>
  </ItemGroup>
  <ItemGroup>
    <Text Include="TODO.txt" />
  </ItemGroup>
</Project>