<?xml version="1.0" encoding="utf-8"?>
<Project ToolsVersion="4.0" xmlns="http://schemas.microsoft.com/developer/msbuild/2003">
  <ItemGroup>
    <Filter Include="Source Files">
      <UniqueIdentifier>{3afa4985-f22c-4dec-b1a9-513e8dc3589a}</UniqueIdentifier>
      <Extensions>cpp;c;cxx;rc;def;r;odl;hpj;bat;for;f90</Extensions>
    </Filter>
    <Filter Include="Header Files">
      <UniqueIdentifier>{3447e5e3-0813-4eac-aa3e-e3ca823de290}</UniqueIdentifier>
      <Extensions>h;hpp;hxx;hm;inl;fi;fd</Extensions>
    </Filter>
    <Filter Include="Resource Files">
      <UniqueIdentifier>{da3c5bbf-3923-4a82-a1ce-eba8184609a9}</UniqueIdentifier>
      <Extensions>ico;cur;bmp;dlg;rc2;rct;bin;cnt;rtf;gif;jpg;jpeg;jpe</Extensions>
    </Filter>
  </ItemGroup>
  <ItemGroup>
    <ClCompile Include="..\sha-1\sha1.c">
      <Filter>Source Files</Filter>
    </ClCompile>
    <ClCompile Include="g_utilities.cpp">
      <Filter>Source Files</Filter>
    </ClCompile>
    <ClCompile Include="..\sqlite\sqlite3.c">
      <Filter>Source Files</Filter>
    </ClCompile>
    <ClCompile Include="..\json\jsoncpp.cpp">
      <Filter>Source Files</Filter>
    </ClCompile>
    <ClCompile Include="etj_utilities.cpp">
      <Filter>Source Files</Filter>
    </ClCompile>
    <ClCompile Include="etj_database.cpp">
      <Filter>Source Files</Filter>
    </ClCompile>
    <ClCompile Include="etj_progression_tracker.cpp">
      <Filter>Source Files</Filter>
    </ClCompile>
    <ClCompile Include="etj_progression_tracker_parser.cpp">
      <Filter>Source Files</Filter>
    </ClCompile>
    <ClCompile Include="etj_main.cpp">
      <Filter>Source Files</Filter>
    </ClCompile>
    <ClCompile Include="etj_banner_system.cpp">
      <Filter>Source Files</Filter>
    </ClCompile>
    <ClCompile Include="etj_command_variables.cpp">
      <Filter>Source Files</Filter>
    </ClCompile>
    <ClCompile Include="bg_animation.cpp">
      <Filter>Source Files</Filter>
    </ClCompile>
    <ClCompile Include="bg_animgroup.cpp">
      <Filter>Source Files</Filter>
    </ClCompile>
    <ClCompile Include="bg_campaign.cpp">
      <Filter>Source Files</Filter>
    </ClCompile>
    <ClCompile Include="bg_character.cpp">
      <Filter>Source Files</Filter>
    </ClCompile>
    <ClCompile Include="bg_classes.cpp">
      <Filter>Source Files</Filter>
    </ClCompile>
    <ClCompile Include="bg_misc.cpp">
      <Filter>Source Files</Filter>
    </ClCompile>
    <ClCompile Include="bg_pmove.cpp">
      <Filter>Source Files</Filter>
    </ClCompile>
    <ClCompile Include="..\sha-1\bg_sha.cpp">
      <Filter>Source Files</Filter>
    </ClCompile>
    <ClCompile Include="bg_slidemove.cpp">
      <Filter>Source Files</Filter>
    </ClCompile>
    <ClCompile Include="bg_sscript.cpp">
      <Filter>Source Files</Filter>
    </ClCompile>
    <ClCompile Include="bg_stats.cpp">
      <Filter>Source Files</Filter>
    </ClCompile>
    <ClCompile Include="bg_tracemap.cpp">
      <Filter>Source Files</Filter>
    </ClCompile>
    <ClCompile Include="g_active.cpp">
      <Filter>Source Files</Filter>
    </ClCompile>
    <ClCompile Include="g_alarm.cpp">
      <Filter>Source Files</Filter>
    </ClCompile>
    <ClCompile Include="g_antilag.cpp">
      <Filter>Source Files</Filter>
    </ClCompile>
    <ClCompile Include="g_buddy_list.cpp">
      <Filter>Source Files</Filter>
    </ClCompile>
    <ClCompile Include="g_character.cpp">
      <Filter>Source Files</Filter>
    </ClCompile>
    <ClCompile Include="g_client.cpp">
      <Filter>Source Files</Filter>
    </ClCompile>
    <ClCompile Include="g_cmds.cpp">
      <Filter>Source Files</Filter>
    </ClCompile>
    <ClCompile Include="g_cmds_ext.cpp">
      <Filter>Source Files</Filter>
    </ClCompile>
    <ClCompile Include="g_combat.cpp">
      <Filter>Source Files</Filter>
    </ClCompile>
    <ClCompile Include="g_fireteams.cpp">
      <Filter>Source Files</Filter>
    </ClCompile>
    <ClCompile Include="g_items.cpp">
      <Filter>Source Files</Filter>
    </ClCompile>
    <ClCompile Include="g_main.cpp">
      <Filter>Source Files</Filter>
    </ClCompile>
    <ClCompile Include="g_match.cpp">
      <Filter>Source Files</Filter>
    </ClCompile>
    <ClCompile Include="g_mem.cpp">
      <Filter>Source Files</Filter>
    </ClCompile>
    <ClCompile Include="g_misc.cpp">
      <Filter>Source Files</Filter>
    </ClCompile>
    <ClCompile Include="g_missile.cpp">
      <Filter>Source Files</Filter>
    </ClCompile>
    <ClCompile Include="g_mover.cpp">
      <Filter>Source Files</Filter>
    </ClCompile>
    <ClCompile Include="g_props.cpp">
      <Filter>Source Files</Filter>
    </ClCompile>
    <ClCompile Include="g_script.cpp">
      <Filter>Source Files</Filter>
    </ClCompile>
    <ClCompile Include="g_script_actions.cpp">
      <Filter>Source Files</Filter>
    </ClCompile>
    <ClCompile Include="g_session.cpp">
      <Filter>Source Files</Filter>
    </ClCompile>
    <ClCompile Include="g_spawn.cpp">
      <Filter>Source Files</Filter>
    </ClCompile>
    <ClCompile Include="g_stats.cpp">
      <Filter>Source Files</Filter>
    </ClCompile>
    <ClCompile Include="g_sv_entities.cpp">
      <Filter>Source Files</Filter>
    </ClCompile>
    <ClCompile Include="g_svcmds.cpp">
      <Filter>Source Files</Filter>
    </ClCompile>
    <ClCompile Include="g_syscalls.cpp">
      <Filter>Source Files</Filter>
    </ClCompile>
    <ClCompile Include="g_systemmsg.cpp">
      <Filter>Source Files</Filter>
    </ClCompile>
    <ClCompile Include="g_target.cpp">
      <Filter>Source Files</Filter>
    </ClCompile>
    <ClCompile Include="g_team.cpp">
      <Filter>Source Files</Filter>
    </ClCompile>
    <ClCompile Include="g_teammapdata.cpp">
      <Filter>Source Files</Filter>
    </ClCompile>
    <ClCompile Include="g_trigger.cpp">
      <Filter>Source Files</Filter>
    </ClCompile>
    <ClCompile Include="g_utils.cpp">
      <Filter>Source Files</Filter>
    </ClCompile>
    <ClCompile Include="g_weapon.cpp">
      <Filter>Source Files</Filter>
    </ClCompile>
    <ClCompile Include="g_vote.cpp">
      <Filter>Source Files</Filter>
    </ClCompile>
    <ClCompile Include="q_math.cpp">
      <Filter>Source Files</Filter>
    </ClCompile>
    <ClCompile Include="q_shared.cpp">
      <Filter>Source Files</Filter>
    </ClCompile>
    <ClCompile Include="etj_async_operation.cpp">
      <Filter>Source Files</Filter>
    </ClCompile>
    <ClCompile Include="etj_commands.cpp">
      <Filter>Source Files</Filter>
    </ClCompile>
    <ClCompile Include="etj_custom_map_votes.cpp">
      <Filter>Source Files</Filter>
    </ClCompile>
    <ClCompile Include="etj_levels.cpp">
      <Filter>Source Files</Filter>
    </ClCompile>
    <ClCompile Include="etj_main_ext.cpp">
      <Filter>Source Files</Filter>
    </ClCompile>
    <ClCompile Include="etj_map_statistics.cpp">
      <Filter>Source Files</Filter>
    </ClCompile>
    <ClCompile Include="etj_motd.cpp">
      <Filter>Source Files</Filter>
    </ClCompile>
    <ClCompile Include="etj_printer.cpp">
      <Filter>Source Files</Filter>
    </ClCompile>
    <ClCompile Include="etj_session.cpp">
      <Filter>Source Files</Filter>
    </ClCompile>
    <ClCompile Include="etj_sqlite_wrapper.cpp">
      <Filter>Source Files</Filter>
    </ClCompile>
    <ClCompile Include="etj_timerun.cpp">
      <Filter>Source Files</Filter>
    </ClCompile>
    <ClCompile Include="etj_tokens.cpp">
      <Filter>Source Files</Filter>
    </ClCompile>
    <ClCompile Include="etj_user.cpp">
      <Filter>Source Files</Filter>
    </ClCompile>
    <ClCompile Include="etj_command_parser.cpp">
      <Filter>Source Files</Filter>
    </ClCompile>
    <ClCompile Include="etj_deathrun_system.cpp">
      <Filter>Source Files</Filter>
    </ClCompile>
    <ClCompile Include="etj_command_system.cpp">
      <Filter>Source Files</Filter>
    </ClCompile>
    <ClCompile Include="etj_result_set_formatter.cpp">
      <Filter>Source Files</Filter>
    </ClCompile>
    <ClCompile Include="etj_file.cpp">
      <Filter>Source Files</Filter>
    </ClCompile>
    <ClCompile Include="etj_string_utilities.cpp">
      <Filter>Source Files</Filter>
    </ClCompile>
    <ClCompile Include="etj_save_system.cpp">
      <Filter>Source Files</Filter>
    </ClCompile>
    <ClCompile Include="etj_entity_utilities.cpp">
      <Filter>Source Files</Filter>
    </ClCompile>
  </ItemGroup>
  <ItemGroup>
    <None Include="game.def">
      <Filter>Source Files</Filter>
    </None>
  </ItemGroup>
  <ItemGroup>
    <ClInclude Include="bg_classes.h">
      <Filter>Header Files</Filter>
    </ClInclude>
    <ClInclude Include="bg_local.h">
      <Filter>Header Files</Filter>
    </ClInclude>
    <ClInclude Include="bg_public.h">
      <Filter>Header Files</Filter>
    </ClInclude>
    <ClInclude Include="g_local.h">
      <Filter>Header Files</Filter>
    </ClInclude>
    <ClInclude Include="g_public.h">
      <Filter>Header Files</Filter>
    </ClInclude>
    <ClInclude Include="g_team.h">
      <Filter>Header Files</Filter>
    </ClInclude>
    <ClInclude Include="q_shared.h">
      <Filter>Header Files</Filter>
    </ClInclude>
    <ClInclude Include="surfaceflags.h">
      <Filter>Header Files</Filter>
    </ClInclude>
    <ClInclude Include="..\sha-1\sha1.h">
      <Filter>Header Files</Filter>
    </ClInclude>
    <ClInclude Include="..\sqlite\sqlite3.h">
      <Filter>Header Files</Filter>
    </ClInclude>
    <ClInclude Include="resource.h">
      <Filter>Header Files</Filter>
    </ClInclude>
    <ClInclude Include="..\json\json.h">
      <Filter>Header Files</Filter>
    </ClInclude>
    <ClInclude Include="..\json\json-forwards.h">
      <Filter>Header Files</Filter>
    </ClInclude>
    <ClInclude Include="utilities.hpp">
      <Filter>Header Files</Filter>
    </ClInclude>
    <ClInclude Include="etj_banner_system.h">
      <Filter>Header Files</Filter>
    </ClInclude>
    <ClInclude Include="etj_console_variables.h">
      <Filter>Header Files</Filter>
    </ClInclude>
    <ClInclude Include="etj_common.h">
      <Filter>Header Files</Filter>
    </ClInclude>
    <ClInclude Include="etj_database.h">
      <Filter>Header Files</Filter>
    </ClInclude>
    <ClInclude Include="etj_progression_tracker.h">
      <Filter>Header Files</Filter>
    </ClInclude>
    <ClInclude Include="etj_progression_tracker_parser.h">
      <Filter>Header Files</Filter>
    </ClInclude>
    <ClInclude Include="etj_utilities.h">
      <Filter>Header Files</Filter>
    </ClInclude>
    <ClInclude Include="etj_local.h">
      <Filter>Header Files</Filter>
    </ClInclude>
    <ClInclude Include="etj_game.h">
      <Filter>Header Files</Filter>
    </ClInclude>
    <ClInclude Include="etj_async_operation.h">
      <Filter>Header Files</Filter>
    </ClInclude>
    <ClInclude Include="etj_iauthentication.h">
      <Filter>Header Files</Filter>
    </ClInclude>
    <ClInclude Include="etj_levels.h">
      <Filter>Header Files</Filter>
    </ClInclude>
    <ClInclude Include="etj_map_statistics.h">
      <Filter>Header Files</Filter>
    </ClInclude>
    <ClInclude Include="etj_motd.h">
      <Filter>Header Files</Filter>
    </ClInclude>
    <ClInclude Include="etj_printer.h">
      <Filter>Header Files</Filter>
    </ClInclude>
    <ClInclude Include="etj_session.h">
      <Filter>Header Files</Filter>
    </ClInclude>
    <ClInclude Include="etj_sqlite_wrapper.h">
      <Filter>Header Files</Filter>
    </ClInclude>
    <ClInclude Include="etj_timerun.h">
      <Filter>Header Files</Filter>
    </ClInclude>
    <ClInclude Include="etj_tokens.h">
      <Filter>Header Files</Filter>
    </ClInclude>
    <ClInclude Include="etj_user.h">
      <Filter>Header Files</Filter>
    </ClInclude>
    <ClInclude Include="etj_custom_map_votes.h">
      <Filter>Header Files</Filter>
    </ClInclude>
    <ClInclude Include="etj_commands.h">
      <Filter>Header Files</Filter>
    </ClInclude>
    <ClInclude Include="etj_public.h">
      <Filter>Header Files</Filter>
    </ClInclude>
    <ClInclude Include="etj_command_parser.h">
      <Filter>Header Files</Filter>
    </ClInclude>
    <ClInclude Include="etj_deathrun_system.h">
      <Filter>Header Files</Filter>
    </ClInclude>
    <ClInclude Include="etj_command_system.h">
      <Filter>Header Files</Filter>
    </ClInclude>
    <ClInclude Include="etj_result_set_formatter.h">
      <Filter>Header Files</Filter>
    </ClInclude>
    <ClInclude Include="etj_file.h">
      <Filter>Header Files</Filter>
    </ClInclude>
    <ClInclude Include="etj_shared.h">
      <Filter>Header Files</Filter>
    </ClInclude>
    <ClInclude Include="etj_operation_result.h">
      <Filter>Header Files</Filter>
    </ClInclude>
    <ClInclude Include="etj_string_utilities.h">
      <Filter>Header Files</Filter>
    </ClInclude>
    <ClInclude Include="etj_save_system.h">
      <Filter>Header Files</Filter>
    </ClInclude>
    <ClInclude Include="etj_entity_utilities.h">
      <Filter>Header Files</Filter>
    </ClInclude>
    <ClInclude Include="etj_numeric_utilities.h">
      <Filter>Header Files</Filter>
    </ClInclude>
  </ItemGroup>
</Project>