<?xml version="1.0" encoding="utf-8"?>
<Project ToolsVersion="4.0" xmlns="http://schemas.microsoft.com/developer/msbuild/2003">
  <ItemGroup>
    <Filter Include="Source Files">
      <UniqueIdentifier>{d156c8df-f000-4fb3-9d88-4fbc1aeb08a0}</UniqueIdentifier>
      <Extensions>c</Extensions>
    </Filter>
    <Filter Include="Header Files">
      <UniqueIdentifier>{0ed61284-e1e5-4135-a8a0-64ccb5f3aea3}</UniqueIdentifier>
      <Extensions>h</Extensions>
    </Filter>
    <Filter Include="Menu files">
      <UniqueIdentifier>{e6a9f9cd-dd1d-435d-a875-8b96474931b4}</UniqueIdentifier>
    </Filter>
    <Filter Include="Menu files\ETJump">
      <UniqueIdentifier>{47fd35f8-8d3a-40f1-b618-ceeaf544556b}</UniqueIdentifier>
    </Filter>
  </ItemGroup>
  <ItemGroup>
    <ClCompile Include="..\sha-1\sha1.c">
      <Filter>Source Files</Filter>
    </ClCompile>
    <ClCompile Include="cg_identification.cpp">
      <Filter>Source Files</Filter>
    </ClCompile>
    <ClCompile Include="cg_mainext.cpp">
      <Filter>Source Files</Filter>
    </ClCompile>
    <ClCompile Include="cg_timerun.cpp">
      <Filter>Source Files</Filter>
    </ClCompile>
    <ClCompile Include="etj_timerun_view.cpp">
      <Filter>Source Files</Filter>
    </ClCompile>
    <ClCompile Include="etj_drawable.cpp">
      <Filter>Source Files</Filter>
    </ClCompile>
    <ClCompile Include="..\game\bg_animation.cpp">
      <Filter>Source Files</Filter>
    </ClCompile>
    <ClCompile Include="..\game\bg_animgroup.cpp">
      <Filter>Source Files</Filter>
    </ClCompile>
    <ClCompile Include="..\game\bg_campaign.cpp">
      <Filter>Source Files</Filter>
    </ClCompile>
    <ClCompile Include="..\game\bg_character.cpp">
      <Filter>Source Files</Filter>
    </ClCompile>
    <ClCompile Include="..\game\bg_classes.cpp">
      <Filter>Source Files</Filter>
    </ClCompile>
    <ClCompile Include="..\game\bg_misc.cpp">
      <Filter>Source Files</Filter>
    </ClCompile>
    <ClCompile Include="..\game\bg_pmove.cpp">
      <Filter>Source Files</Filter>
    </ClCompile>
    <ClCompile Include="..\game\bg_slidemove.cpp">
      <Filter>Source Files</Filter>
    </ClCompile>
    <ClCompile Include="..\game\bg_sscript.cpp">
      <Filter>Source Files</Filter>
    </ClCompile>
    <ClCompile Include="..\game\bg_stats.cpp">
      <Filter>Source Files</Filter>
    </ClCompile>
    <ClCompile Include="..\game\bg_tracemap.cpp">
      <Filter>Source Files</Filter>
    </ClCompile>
    <ClCompile Include="..\game\q_math.cpp">
      <Filter>Source Files</Filter>
    </ClCompile>
    <ClCompile Include="..\game\q_shared.cpp">
      <Filter>Source Files</Filter>
    </ClCompile>
    <ClCompile Include="cg_atmospheric.cpp">
      <Filter>Source Files</Filter>
    </ClCompile>
    <ClCompile Include="cg_character.cpp">
      <Filter>Source Files</Filter>
    </ClCompile>
    <ClCompile Include="cg_commandmap.cpp">
      <Filter>Source Files</Filter>
    </ClCompile>
    <ClCompile Include="cg_consolecmds.cpp">
      <Filter>Source Files</Filter>
    </ClCompile>
    <ClCompile Include="cg_debriefing.cpp">
      <Filter>Source Files</Filter>
    </ClCompile>
    <ClCompile Include="cg_draw.cpp">
      <Filter>Source Files</Filter>
    </ClCompile>
    <ClCompile Include="cg_drawCHS.cpp">
      <Filter>Source Files</Filter>
    </ClCompile>
    <ClCompile Include="cg_drawtools.cpp">
      <Filter>Source Files</Filter>
    </ClCompile>
    <ClCompile Include="cg_effects.cpp">
      <Filter>Source Files</Filter>
    </ClCompile>
    <ClCompile Include="cg_ents.cpp">
      <Filter>Source Files</Filter>
    </ClCompile>
    <ClCompile Include="cg_event.cpp">
      <Filter>Source Files</Filter>
    </ClCompile>
    <ClCompile Include="cg_fireteamoverlay.cpp">
      <Filter>Source Files</Filter>
    </ClCompile>
    <ClCompile Include="cg_fireteams.cpp">
      <Filter>Source Files</Filter>
    </ClCompile>
    <ClCompile Include="cg_flamethrower.cpp">
      <Filter>Source Files</Filter>
    </ClCompile>
    <ClCompile Include="cg_info.cpp">
      <Filter>Source Files</Filter>
    </ClCompile>
    <ClCompile Include="cg_limbopanel.cpp">
      <Filter>Source Files</Filter>
    </ClCompile>
    <ClCompile Include="cg_loadpanel.cpp">
      <Filter>Source Files</Filter>
    </ClCompile>
    <ClCompile Include="cg_localents.cpp">
      <Filter>Source Files</Filter>
    </ClCompile>
    <ClCompile Include="cg_main.cpp">
      <Filter>Source Files</Filter>
    </ClCompile>
    <ClCompile Include="cg_manual.cpp">
      <Filter>Source Files</Filter>
    </ClCompile>
    <ClCompile Include="cg_marks.cpp">
      <Filter>Source Files</Filter>
    </ClCompile>
    <ClCompile Include="cg_missionbriefing.cpp">
      <Filter>Source Files</Filter>
    </ClCompile>
    <ClCompile Include="cg_multiview.cpp">
      <Filter>Source Files</Filter>
    </ClCompile>
    <ClCompile Include="cg_newDraw.cpp">
      <Filter>Source Files</Filter>
    </ClCompile>
    <ClCompile Include="cg_particles.cpp">
      <Filter>Source Files</Filter>
    </ClCompile>
    <ClCompile Include="cg_players.cpp">
      <Filter>Source Files</Filter>
    </ClCompile>
    <ClCompile Include="cg_playerstate.cpp">
      <Filter>Source Files</Filter>
    </ClCompile>
    <ClCompile Include="cg_polybus.cpp">
      <Filter>Source Files</Filter>
    </ClCompile>
    <ClCompile Include="cg_popupmessages.cpp">
      <Filter>Source Files</Filter>
    </ClCompile>
    <ClCompile Include="cg_predict.cpp">
      <Filter>Source Files</Filter>
    </ClCompile>
    <ClCompile Include="cg_scoreboard.cpp">
      <Filter>Source Files</Filter>
    </ClCompile>
    <ClCompile Include="cg_servercmds.cpp">
      <Filter>Source Files</Filter>
    </ClCompile>
    <ClCompile Include="cg_snapshot.cpp">
      <Filter>Source Files</Filter>
    </ClCompile>
    <ClCompile Include="cg_sound.cpp">
      <Filter>Source Files</Filter>
    </ClCompile>
    <ClCompile Include="cg_spawn.cpp">
      <Filter>Source Files</Filter>
    </ClCompile>
    <ClCompile Include="cg_statsranksmedals.cpp">
      <Filter>Source Files</Filter>
    </ClCompile>
    <ClCompile Include="cg_syscalls.cpp">
      <Filter>Source Files</Filter>
    </ClCompile>
    <ClCompile Include="cg_trails.cpp">
      <Filter>Source Files</Filter>
    </ClCompile>
    <ClCompile Include="cg_weapons.cpp">
      <Filter>Source Files</Filter>
    </ClCompile>
    <ClCompile Include="cg_view.cpp">
      <Filter>Source Files</Filter>
    </ClCompile>
    <ClCompile Include="cg_window.cpp">
      <Filter>Source Files</Filter>
    </ClCompile>
    <ClCompile Include="..\ui\ui_shared.cpp">
      <Filter>Source Files</Filter>
    </ClCompile>
    <ClCompile Include="..\sha-1\bg_sha.cpp">
      <Filter>Source Files</Filter>
    </ClCompile>
<<<<<<< HEAD
    <ClCompile Include="etj_client_commands_handler.cpp">
      <Filter>Source Files</Filter>
    </ClCompile>
    <ClCompile Include="etj_overbounce_watcher.cpp">
      <Filter>Source Files</Filter>
    </ClCompile>
    <ClCompile Include="etj_maxspeed.cpp">
      <Filter>Source Files</Filter>
    </ClCompile>
    <ClCompile Include="etj_entity_events_handler.cpp">
=======
    <ClCompile Include="etj_trickjump_lines.cpp">
      <Filter>Source Files</Filter>
    </ClCompile>
    <ClCompile Include="..\json\jsoncpp.cpp">
>>>>>>> f69652e19d8ce3a6febf9b1eb364a11b480e0ac6
      <Filter>Source Files</Filter>
    </ClCompile>
    <ClCompile Include="cg_edv.cpp">
      <Filter>Source Files</Filter>
    </ClCompile>
  </ItemGroup>
  <ItemGroup>
    <ClInclude Include="..\game\bg_classes.h">
      <Filter>Header Files</Filter>
    </ClInclude>
    <ClInclude Include="..\game\bg_local.h">
      <Filter>Header Files</Filter>
    </ClInclude>
    <ClInclude Include="..\game\bg_public.h">
      <Filter>Header Files</Filter>
    </ClInclude>
    <ClInclude Include="cg_local.h">
      <Filter>Header Files</Filter>
    </ClInclude>
    <ClInclude Include="cg_public.h">
      <Filter>Header Files</Filter>
    </ClInclude>
    <ClInclude Include="..\ui\keycodes.h">
      <Filter>Header Files</Filter>
    </ClInclude>
    <ClInclude Include="..\..\main\ui\menudef.h">
      <Filter>Header Files</Filter>
    </ClInclude>
    <ClInclude Include="..\game\q_shared.h">
      <Filter>Header Files</Filter>
    </ClInclude>
    <ClInclude Include="..\game\surfaceflags.h">
      <Filter>Header Files</Filter>
    </ClInclude>
    <ClInclude Include="tr_types.h">
      <Filter>Header Files</Filter>
    </ClInclude>
    <ClInclude Include="..\ui\ui_shared.h">
      <Filter>Header Files</Filter>
    </ClInclude>
    <ClInclude Include="..\sha-1\sha1.h">
      <Filter>Header Files</Filter>
    </ClInclude>
    <ClInclude Include="..\..\etjump\ui\menudef.h">
      <Filter>Menu files</Filter>
    </ClInclude>
    <ClInclude Include="..\..\etjump\ui\menumacros.h">
      <Filter>Menu files</Filter>
    </ClInclude>
    <ClInclude Include="cg_mainext.h">
      <Filter>Header Files</Filter>
    </ClInclude>
    <ClInclude Include="cg_timerun.h">
      <Filter>Header Files</Filter>
    </ClInclude>
    <ClInclude Include="etj_drawable.h">
      <Filter>Header Files</Filter>
    </ClInclude>
    <ClInclude Include="etj_timerun_view.h">
      <Filter>Header Files</Filter>
    </ClInclude>
<<<<<<< HEAD
    <ClInclude Include="etj_client_commands_handler.h">
      <Filter>Header Files</Filter>
    </ClInclude>
    <ClInclude Include="etj_overbounce_watcher.h">
      <Filter>Header Files</Filter>
    </ClInclude>
    <ClInclude Include="cg_print_syscalls.h">
      <Filter>Header Files</Filter>
    </ClInclude>
    <ClInclude Include="etj_irenderable.h">
      <Filter>Header Files</Filter>
    </ClInclude>
    <ClInclude Include="etj_maxspeed.h">
      <Filter>Header Files</Filter>
    </ClInclude>
    <ClInclude Include="etj_entity_events_handler.h">
=======
    <ClInclude Include="etj_trickjump_lines.hpp">
      <Filter>Header Files</Filter>
    </ClInclude>
    <ClInclude Include="etj_client_utilities.h">
      <Filter>Header Files</Filter>
    </ClInclude>
    <ClInclude Include="etj_rotation_matrix.hpp">
      <Filter>Header Files</Filter>
    </ClInclude>
    <ClInclude Include="..\json\json.h">
>>>>>>> f69652e19d8ce3a6febf9b1eb364a11b480e0ac6
      <Filter>Header Files</Filter>
    </ClInclude>
  </ItemGroup>
  <ItemGroup>
    <None Include="cgame.def" />
    <None Include="..\..\etjump\ui\credits_activision.menu">
      <Filter>Menu files</Filter>
    </None>
    <None Include="..\..\etjump\ui\credits_additional.menu">
      <Filter>Menu files</Filter>
    </None>
    <None Include="..\..\etjump\ui\credits_et260.menu">
      <Filter>Menu files</Filter>
    </None>
    <None Include="..\..\etjump\ui\credits_idsoftware.menu">
      <Filter>Menu files</Filter>
    </None>
    <None Include="..\..\etjump\ui\credits_quit.menu">
      <Filter>Menu files</Filter>
    </None>
    <None Include="..\..\etjump\ui\credits_splashdamage.menu">
      <Filter>Menu files</Filter>
    </None>
    <None Include="..\..\etjump\ui\global.menu">
      <Filter>Menu files</Filter>
    </None>
    <None Include="..\..\etjump\ui\hostgame.menu">
      <Filter>Menu files</Filter>
    </None>
    <None Include="..\..\etjump\ui\hostgame_advanced.menu">
      <Filter>Menu files</Filter>
    </None>
    <None Include="..\..\etjump\ui\hostgame_advanced_default.menu">
      <Filter>Menu files</Filter>
    </None>
    <None Include="..\..\etjump\ui\hostgame_dedicated_warning.menu">
      <Filter>Menu files</Filter>
    </None>
    <None Include="..\..\etjump\ui\ingame_disconnect.menu">
      <Filter>Menu files</Filter>
    </None>
    <None Include="..\..\etjump\ui\ingame_main.menu">
      <Filter>Menu files</Filter>
    </None>
    <None Include="..\..\etjump\ui\ingame_map_details.menu">
      <Filter>Menu files</Filter>
    </None>
    <None Include="..\..\etjump\ui\ingame_messagemode.menu">
      <Filter>Menu files</Filter>
    </None>
    <None Include="..\..\etjump\ui\ingame_serverinfo.menu">
      <Filter>Menu files</Filter>
    </None>
    <None Include="..\..\etjump\ui\ingame_tapout.menu">
      <Filter>Menu files</Filter>
    </None>
    <None Include="..\..\etjump\ui\ingame_tapoutlms.menu">
      <Filter>Menu files</Filter>
    </None>
    <None Include="..\..\etjump\ui\ingame_vote.menu">
      <Filter>Menu files</Filter>
    </None>
    <None Include="..\..\etjump\ui\ingame_vote_disabled.menu">
      <Filter>Menu files</Filter>
    </None>
    <None Include="..\..\etjump\ui\ingame_vote_map.menu">
      <Filter>Menu files</Filter>
    </None>
    <None Include="..\..\etjump\ui\ingame_vote_misc.menu">
      <Filter>Menu files</Filter>
    </None>
    <None Include="..\..\etjump\ui\ingame_vote_misc_refrcon.menu">
      <Filter>Menu files</Filter>
    </None>
    <None Include="..\..\etjump\ui\main.menu">
      <Filter>Menu files</Filter>
    </None>
    <None Include="..\..\etjump\ui\menus.txt">
      <Filter>Menu files</Filter>
    </None>
    <None Include="..\..\etjump\ui\mods.menu">
      <Filter>Menu files</Filter>
    </None>
    <None Include="..\..\etjump\ui\options.menu">
      <Filter>Menu files</Filter>
    </None>
    <None Include="..\..\etjump\ui\options_controls.menu">
      <Filter>Menu files</Filter>
    </None>
    <None Include="..\..\etjump\ui\options_controls_default.menu">
      <Filter>Menu files</Filter>
    </None>
    <None Include="..\..\etjump\ui\options_customise_game.menu">
      <Filter>Menu files</Filter>
    </None>
    <None Include="..\..\etjump\ui\options_customise_hud.menu">
      <Filter>Menu files</Filter>
    </None>
    <None Include="..\..\etjump\ui\options_system.menu">
      <Filter>Menu files</Filter>
    </None>
    <None Include="..\..\etjump\ui\options_system_gamma.menu">
      <Filter>Menu files</Filter>
    </None>
    <None Include="..\..\etjump\ui\playonline.menu">
      <Filter>Menu files</Filter>
    </None>
    <None Include="..\..\etjump\ui\playonline_connecttoip.menu">
      <Filter>Menu files</Filter>
    </None>
    <None Include="..\..\etjump\ui\playonline_disablepb.menu">
      <Filter>Menu files</Filter>
    </None>
    <None Include="..\..\etjump\ui\playonline_enablepb.menu">
      <Filter>Menu files</Filter>
    </None>
    <None Include="..\..\etjump\ui\playonline_serverinfo.menu">
      <Filter>Menu files</Filter>
    </None>
    <None Include="..\..\etjump\ui\popup_autoupdate.menu">
      <Filter>Menu files</Filter>
    </None>
    <None Include="..\..\etjump\ui\popup_errormessage.menu">
      <Filter>Menu files</Filter>
    </None>
    <None Include="..\..\etjump\ui\popup_errormessage_pb.menu">
      <Filter>Menu files</Filter>
    </None>
    <None Include="..\..\etjump\ui\popup_hostgameerrormessage.menu">
      <Filter>Menu files</Filter>
    </None>
    <None Include="..\..\etjump\ui\popup_password.menu">
      <Filter>Menu files</Filter>
    </None>
    <None Include="..\..\etjump\ui\popup_serverredirect.menu">
      <Filter>Menu files</Filter>
    </None>
    <None Include="..\..\etjump\ui\profile.menu">
      <Filter>Menu files</Filter>
    </None>
    <None Include="..\..\etjump\ui\profile_create.menu">
      <Filter>Menu files</Filter>
    </None>
    <None Include="..\..\etjump\ui\profile_create_error.menu">
      <Filter>Menu files</Filter>
    </None>
    <None Include="..\..\etjump\ui\profile_create_initial.menu">
      <Filter>Menu files</Filter>
    </None>
    <None Include="..\..\etjump\ui\profile_delete.menu">
      <Filter>Menu files</Filter>
    </None>
    <None Include="..\..\etjump\ui\profile_delete_error.menu">
      <Filter>Menu files</Filter>
    </None>
    <None Include="..\..\etjump\ui\profile_rename.menu">
      <Filter>Menu files</Filter>
    </None>
    <None Include="..\..\etjump\ui\quit.menu">
      <Filter>Menu files</Filter>
    </None>
    <None Include="..\..\etjump\ui\rec_restart.menu">
      <Filter>Menu files</Filter>
    </None>
    <None Include="..\..\etjump\ui\trickjump.menu">
      <Filter>Menu files</Filter>
    </None>
    <None Include="..\..\etjump\ui\trickjump_info.menu">
      <Filter>Menu files</Filter>
    </None>
    <None Include="..\..\etjump\ui\trickjump_settings.menu">
      <Filter>Menu files</Filter>
    </None>
    <None Include="..\..\etjump\ui\trickjump_view.menu">
      <Filter>Menu files</Filter>
    </None>
    <None Include="..\..\etjump\ui\vid_confirm.menu">
      <Filter>Menu files</Filter>
    </None>
    <None Include="..\..\etjump\ui\vid_restart.menu">
      <Filter>Menu files</Filter>
    </None>
    <None Include="..\..\etjump\ui\viewreplay.menu">
      <Filter>Menu files</Filter>
    </None>
    <None Include="..\..\etjump\ui\viewreplay_delete.menu">
      <Filter>Menu files</Filter>
    </None>
    <None Include="..\..\etjump\ui\wm_ftquickmessage.menu">
      <Filter>Menu files</Filter>
    </None>
    <None Include="..\..\etjump\ui\wm_ftquickmessageAlt.menu">
      <Filter>Menu files</Filter>
    </None>
    <None Include="..\..\etjump\ui\wm_quickmessage.menu">
      <Filter>Menu files</Filter>
    </None>
    <None Include="..\..\etjump\ui\wm_quickmessageAlt.menu">
      <Filter>Menu files</Filter>
    </None>
    <None Include="..\..\etjump\ui\etjump.menu">
      <Filter>Menu files\ETJump</Filter>
    </None>
    <None Include="..\..\etjump\ui\etjump_settings.menu">
      <Filter>Menu files\ETJump</Filter>
    </None>
    <None Include="..\..\etjump\ui\etjump_controls.menu">
      <Filter>Menu files\ETJump</Filter>
    </None>
    <None Include="..\..\etjump\ui\etjump_credits.menu">
      <Filter>Menu files\ETJump</Filter>
    </None>
    <None Include="..\..\etjump\ui\etjump_settings2.menu">
      <Filter>Menu files\ETJump</Filter>
    </None>
  </ItemGroup>
</Project>