<?xml version="1.0" encoding="utf-8"?>
<Project ToolsVersion="4.0" xmlns="http://schemas.microsoft.com/developer/msbuild/2003">
  <ItemGroup>
    <Filter Include="Source Files">
      <UniqueIdentifier>{4FC737F1-C7A5-4376-A066-2A32D752A2FF}</UniqueIdentifier>
      <Extensions>cpp;c;cc;cxx;def;odl;idl;hpj;bat;asm;asmx</Extensions>
    </Filter>
    <Filter Include="Header Files">
      <UniqueIdentifier>{93995380-89BD-4b04-88EB-625FBE52EBFB}</UniqueIdentifier>
      <Extensions>h;hh;hpp;hxx;hm;inl;inc;xsd</Extensions>
    </Filter>
    <Filter Include="Resource Files">
      <UniqueIdentifier>{67DA6AB6-F800-4c08-8B7A-83BB121AAD01}</UniqueIdentifier>
      <Extensions>rc;ico;cur;bmp;dlg;rc2;rct;bin;rgs;gif;jpg;jpeg;jpe;resx;tiff;tif;png;wav;mfcribbon-ms</Extensions>
    </Filter>
    <Filter Include="Source Files\cgame">
      <UniqueIdentifier>{ced4f2f3-4557-4024-8fbc-a42ea371433f}</UniqueIdentifier>
    </Filter>
    <Filter Include="Source Files\game">
      <UniqueIdentifier>{334be7bc-7007-427e-b12a-07f937165a5f}</UniqueIdentifier>
    </Filter>
    <Filter Include="Source Files\sha-1">
      <UniqueIdentifier>{e791edad-7cf3-483d-9f17-ab5eb38b25d8}</UniqueIdentifier>
    </Filter>
  </ItemGroup>
  <ItemGroup>
    <ClCompile Include="tests_main.cpp">
      <Filter>Source Files</Filter>
    </ClCompile>
    <ClCompile Include="client_commands_handler_tests.cpp">
      <Filter>Source Files</Filter>
    </ClCompile>
    <ClCompile Include="..\cgame\etj_client_commands_handler.cpp">
      <Filter>Source Files\cgame</Filter>
    </ClCompile>
    <ClCompile Include="..\cgame\etj_entity_events_handler.cpp">
      <Filter>Source Files\cgame</Filter>
    </ClCompile>
    <ClCompile Include="entity_events_handler_tests.cpp">
      <Filter>Source Files</Filter>
    </ClCompile>
    <ClCompile Include="command_parser_tests.cpp">
      <Filter>Source Files</Filter>
    </ClCompile>
    <ClCompile Include="deathrun_system_tests.cpp">
      <Filter>Source Files</Filter>
    </ClCompile>
    <ClCompile Include="..\game\etj_command_parser.cpp">
      <Filter>Source Files\game</Filter>
    </ClCompile>
    <ClCompile Include="..\game\etj_deathrun_system.cpp">
      <Filter>Source Files\game</Filter>
    </ClCompile>
    <ClCompile Include="..\cgame\etj_utilities.cpp">
      <Filter>Source Files\cgame</Filter>
    </ClCompile>
    <ClCompile Include="color_string_parser_tests.cpp">
      <Filter>Source Files</Filter>
    </ClCompile>
    <ClCompile Include="..\game\q_math.cpp">
      <Filter>Source Files\cgame</Filter>
    </ClCompile>
    <ClCompile Include="..\cgame\etj_inline_command_parser.cpp">
      <Filter>Source Files\cgame</Filter>
    </ClCompile>
    <ClCompile Include="inline_command_parser_tests.cpp">
      <Filter>Source Files</Filter>
    </ClCompile>
    <ClCompile Include="..\game\etj_string_utilities.cpp">
      <Filter>Source Files\game</Filter>
    </ClCompile>
    <ClCompile Include="..\sha-1\sha1.c">
      <Filter>Source Files\sha-1</Filter>
    </ClCompile>
  </ItemGroup>
  <ItemGroup>
    <ClInclude Include="vector_compare.h">
      <Filter>Header Files</Filter>
    </ClInclude>
  </ItemGroup>
</Project>