<?xml version="1.0" encoding="utf-8"?>
<Project ToolsVersion="4.0" xmlns="http://schemas.microsoft.com/developer/msbuild/2003">
  <ItemGroup>
    <Filter Include="Source Files">
      <UniqueIdentifier>{3d250f79-c421-42ee-9e28-1f79c0ed261f}</UniqueIdentifier>
      <Extensions>cpp;c;cxx;rc;def;r;odl;idl;hpj;bat</Extensions>
    </Filter>
    <Filter Include="Header Files">
      <UniqueIdentifier>{682f27e8-28fd-489f-a671-0b466f61609c}</UniqueIdentifier>
      <Extensions>h;hpp;hxx;hm;inl</Extensions>
    </Filter>
    <Filter Include="Menu Files">
      <UniqueIdentifier>{60256692-c836-47eb-b32a-84fd7b65e566}</UniqueIdentifier>
      <Extensions>*.menu</Extensions>
    </Filter>
    <Filter Include="Resource Files">
      <UniqueIdentifier>{44e0a0c6-cb45-4de0-adb5-195d9abb6cdd}</UniqueIdentifier>
      <Extensions>ico;cur;bmp;dlg;rc2;rct;bin;rgs;gif;jpg;jpeg;jpe</Extensions>
    </Filter>
    <Filter Include="Menu Files\ETJump">
      <UniqueIdentifier>{106782cc-9109-4017-9d55-719487735f72}</UniqueIdentifier>
    </Filter>
  </ItemGroup>
  <ItemGroup>
    <ClCompile Include="..\game\bg_campaign.cpp">
      <Filter>Source Files</Filter>
    </ClCompile>
    <ClCompile Include="..\game\bg_classes.cpp">
      <Filter>Source Files</Filter>
    </ClCompile>
    <ClCompile Include="..\game\bg_misc.cpp">
      <Filter>Source Files</Filter>
    </ClCompile>
    <ClCompile Include="..\game\q_math.cpp">
      <Filter>Source Files</Filter>
    </ClCompile>
    <ClCompile Include="..\game\q_shared.cpp">
      <Filter>Source Files</Filter>
    </ClCompile>
    <ClCompile Include="ui_atoms.cpp">
      <Filter>Source Files</Filter>
    </ClCompile>
    <ClCompile Include="ui_gameinfo.cpp">
      <Filter>Source Files</Filter>
    </ClCompile>
    <ClCompile Include="ui_loadpanel.cpp">
      <Filter>Source Files</Filter>
    </ClCompile>
    <ClCompile Include="ui_main.cpp">
      <Filter>Source Files</Filter>
    </ClCompile>
    <ClCompile Include="ui_players.cpp">
      <Filter>Source Files</Filter>
    </ClCompile>
    <ClCompile Include="ui_shared.cpp">
      <Filter>Source Files</Filter>
    </ClCompile>
    <ClCompile Include="ui_syscalls.cpp">
      <Filter>Source Files</Filter>
    </ClCompile>
    <ClCompile Include="ui_util.cpp">
      <Filter>Source Files</Filter>
    </ClCompile>
    <ClCompile Include="..\cgame\etj_utilities.cpp">
      <Filter>Source Files</Filter>
    </ClCompile>
  </ItemGroup>
  <ItemGroup>
    <None Include="ui.def">
      <Filter>Source Files</Filter>
    </None>
    <None Include="..\..\etjump\ui\wm_quickmessageAlt.menu">
      <Filter>Menu Files</Filter>
    </None>
    <None Include="..\..\etjump\ui\credits_activision.menu">
      <Filter>Menu Files</Filter>
    </None>
    <None Include="..\..\etjump\ui\credits_additional.menu">
      <Filter>Menu Files</Filter>
    </None>
    <None Include="..\..\etjump\ui\credits_et260.menu">
      <Filter>Menu Files</Filter>
    </None>
    <None Include="..\..\etjump\ui\credits_idsoftware.menu">
      <Filter>Menu Files</Filter>
    </None>
    <None Include="..\..\etjump\ui\credits_quit.menu">
      <Filter>Menu Files</Filter>
    </None>
    <None Include="..\..\etjump\ui\credits_splashdamage.menu">
      <Filter>Menu Files</Filter>
    </None>
    <None Include="..\..\etjump\ui\global.menu">
      <Filter>Menu Files</Filter>
    </None>
    <None Include="..\..\etjump\ui\hostgame.menu">
      <Filter>Menu Files</Filter>
    </None>
    <None Include="..\..\etjump\ui\hostgame_advanced.menu">
      <Filter>Menu Files</Filter>
    </None>
    <None Include="..\..\etjump\ui\hostgame_advanced_default.menu">
      <Filter>Menu Files</Filter>
    </None>
    <None Include="..\..\etjump\ui\hostgame_dedicated_warning.menu">
      <Filter>Menu Files</Filter>
    </None>
    <None Include="..\..\etjump\ui\ingame_disconnect.menu">
      <Filter>Menu Files</Filter>
    </None>
    <None Include="..\..\etjump\ui\ingame_main.menu">
      <Filter>Menu Files</Filter>
    </None>
    <None Include="..\..\etjump\ui\ingame_messagemode.menu">
      <Filter>Menu Files</Filter>
    </None>
    <None Include="..\..\etjump\ui\ingame_serverinfo.menu">
      <Filter>Menu Files</Filter>
    </None>
    <None Include="..\..\etjump\ui\ingame_tapout.menu">
      <Filter>Menu Files</Filter>
    </None>
    <None Include="..\..\etjump\ui\ingame_tapoutlms.menu">
      <Filter>Menu Files</Filter>
    </None>
    <None Include="..\..\etjump\ui\ingame_vote.menu">
      <Filter>Menu Files</Filter>
    </None>
    <None Include="..\..\etjump\ui\ingame_vote_disabled.menu">
      <Filter>Menu Files</Filter>
    </None>
    <None Include="..\..\etjump\ui\ingame_vote_map.menu">
      <Filter>Menu Files</Filter>
    </None>
    <None Include="..\..\etjump\ui\main.menu">
      <Filter>Menu Files</Filter>
    </None>
    <None Include="..\..\etjump\ui\menus.txt">
      <Filter>Menu Files</Filter>
    </None>
    <None Include="..\..\etjump\ui\mods.menu">
      <Filter>Menu Files</Filter>
    </None>
    <None Include="..\..\etjump\ui\options.menu">
      <Filter>Menu Files</Filter>
    </None>
    <None Include="..\..\etjump\ui\options_controls.menu">
      <Filter>Menu Files</Filter>
    </None>
    <None Include="..\..\etjump\ui\options_controls_default.menu">
      <Filter>Menu Files</Filter>
    </None>
    <None Include="..\..\etjump\ui\options_customise_game.menu">
      <Filter>Menu Files</Filter>
    </None>
    <None Include="..\..\etjump\ui\options_customise_hud.menu">
      <Filter>Menu Files</Filter>
    </None>
    <None Include="..\..\etjump\ui\options_system.menu">
      <Filter>Menu Files</Filter>
    </None>
    <None Include="..\..\etjump\ui\options_system_gamma.menu">
      <Filter>Menu Files</Filter>
    </None>
    <None Include="..\..\etjump\ui\playonline.menu">
      <Filter>Menu Files</Filter>
    </None>
    <None Include="..\..\etjump\ui\playonline_connecttoip.menu">
      <Filter>Menu Files</Filter>
    </None>
    <None Include="..\..\etjump\ui\playonline_disablepb.menu">
      <Filter>Menu Files</Filter>
    </None>
    <None Include="..\..\etjump\ui\playonline_enablepb.menu">
      <Filter>Menu Files</Filter>
    </None>
    <None Include="..\..\etjump\ui\playonline_serverinfo.menu">
      <Filter>Menu Files</Filter>
    </None>
    <None Include="..\..\etjump\ui\popup_autoupdate.menu">
      <Filter>Menu Files</Filter>
    </None>
    <None Include="..\..\etjump\ui\popup_errormessage.menu">
      <Filter>Menu Files</Filter>
    </None>
    <None Include="..\..\etjump\ui\popup_errormessage_pb.menu">
      <Filter>Menu Files</Filter>
    </None>
    <None Include="..\..\etjump\ui\popup_hostgameerrormessage.menu">
      <Filter>Menu Files</Filter>
    </None>
    <None Include="..\..\etjump\ui\popup_password.menu">
      <Filter>Menu Files</Filter>
    </None>
    <None Include="..\..\etjump\ui\popup_serverredirect.menu">
      <Filter>Menu Files</Filter>
    </None>
    <None Include="..\..\etjump\ui\profile.menu">
      <Filter>Menu Files</Filter>
    </None>
    <None Include="..\..\etjump\ui\profile_create.menu">
      <Filter>Menu Files</Filter>
    </None>
    <None Include="..\..\etjump\ui\profile_create_error.menu">
      <Filter>Menu Files</Filter>
    </None>
    <None Include="..\..\etjump\ui\profile_create_initial.menu">
      <Filter>Menu Files</Filter>
    </None>
    <None Include="..\..\etjump\ui\profile_delete.menu">
      <Filter>Menu Files</Filter>
    </None>
    <None Include="..\..\etjump\ui\profile_delete_error.menu">
      <Filter>Menu Files</Filter>
    </None>
    <None Include="..\..\etjump\ui\profile_rename.menu">
      <Filter>Menu Files</Filter>
    </None>
    <None Include="..\..\etjump\ui\quit.menu">
      <Filter>Menu Files</Filter>
    </None>
    <None Include="..\..\etjump\ui\rec_restart.menu">
      <Filter>Menu Files</Filter>
    </None>
    <None Include="..\..\etjump\ui\vid_confirm.menu">
      <Filter>Menu Files</Filter>
    </None>
    <None Include="..\..\etjump\ui\vid_restart.menu">
      <Filter>Menu Files</Filter>
    </None>
    <None Include="..\..\etjump\ui\viewreplay.menu">
      <Filter>Menu Files</Filter>
    </None>
    <None Include="..\..\etjump\ui\viewreplay_delete.menu">
      <Filter>Menu Files</Filter>
    </None>
    <None Include="..\..\etjump\ui\wm_ftquickmessage.menu">
      <Filter>Menu Files</Filter>
    </None>
    <None Include="..\..\etjump\ui\wm_ftquickmessageAlt.menu">
      <Filter>Menu Files</Filter>
    </None>
    <None Include="..\..\etjump\ui\wm_quickmessage.menu">
      <Filter>Menu Files</Filter>
    </None>
    <None Include="..\..\etjump\ui\etjump.menu">
      <Filter>Menu Files\ETJump</Filter>
    </None>
    <None Include="..\..\etjump\ui\etjump_controls.menu">
      <Filter>Menu Files\ETJump</Filter>
    </None>
    <None Include="..\..\etjump\ui\etjump_credits.menu">
      <Filter>Menu Files\ETJump</Filter>
    </None>
    <None Include="..\..\etjump\ui\etjump_settings_1.menu">
      <Filter>Menu Files\ETJump</Filter>
    </None>
    <None Include="..\..\etjump\ui\etjump_settings_2.menu">
      <Filter>Menu Files\ETJump</Filter>
    </None>
    <None Include="..\..\etjump\ui\etjump_settings_3.menu">
      <Filter>Menu Files\ETJump</Filter>
    </None>
    <None Include="..\..\etjump\ui\etjump_settings_4.menu">
      <Filter>Menu Files\ETJump</Filter>
    </None>
    <None Include="..\..\etjump\ui\etjump_settings_5.menu">
      <Filter>Menu Files\ETJump</Filter>
    </None>
    <None Include="..\..\etjump\ui\ingame_map_details.menu">
      <Filter>Menu Files</Filter>
    </None>
  </ItemGroup>
  <ItemGroup>
    <ClInclude Include="..\game\bg_classes.h">
      <Filter>Header Files</Filter>
    </ClInclude>
    <ClInclude Include="..\game\bg_public.h">
      <Filter>Header Files</Filter>
    </ClInclude>
    <ClInclude Include="keycodes.h">
      <Filter>Header Files</Filter>
    </ClInclude>
    <ClInclude Include="..\..\main\ui\menudef.h">
      <Filter>Header Files</Filter>
    </ClInclude>
    <ClInclude Include="..\game\q_shared.h">
      <Filter>Header Files</Filter>
    </ClInclude>
    <ClInclude Include="..\game\surfaceflags.h">
      <Filter>Header Files</Filter>
    </ClInclude>
    <ClInclude Include="..\cgame\tr_types.h">
      <Filter>Header Files</Filter>
    </ClInclude>
    <ClInclude Include="ui_local.h">
      <Filter>Header Files</Filter>
    </ClInclude>
    <ClInclude Include="ui_public.h">
      <Filter>Header Files</Filter>
    </ClInclude>
    <ClInclude Include="ui_shared.h">
      <Filter>Header Files</Filter>
    </ClInclude>
    <ClInclude Include="..\..\etjump\ui\menudef.h">
      <Filter>Menu Files</Filter>
    </ClInclude>
    <ClInclude Include="..\..\etjump\ui\menumacros.h">
      <Filter>Menu Files</Filter>
    </ClInclude>
  </ItemGroup>
</Project>